
Microsoft Visual Studio Solution File, Format Version 12.00
# Visual Studio Version 16
VisualStudioVersion = 16.0.32413.511
MinimumVisualStudioVersion = 10.0.40219.1
Project("{8BC9CEB8-8B4A-11D0-8D11-00A0C91BC942}") = "TaskPaillet", "TaskPaillet\TaskPaillet.vcxproj", "{4FC76903-9957-41D4-A669-FE03083A8B95}"
EndProject
Global
	GlobalSection(SolutionConfigurationPlatforms) = preSolution
		Debug|x64 = Debug|x64
		Debug|x86 = Debug|x86
		Release|x64 = Release|x64
		Release|x86 = Release|x86
	EndGlobalSection
	GlobalSection(ProjectConfigurationPlatforms) = postSolution
		{4FC76903-9957-41D4-A669-FE03083A8B95}.Debug|x64.ActiveCfg = Debug|x64
		{4FC76903-9957-41D4-A669-FE03083A8B95}.Debug|x64.Build.0 = Debug|x64
		{4FC76903-9957-41D4-A669-FE03083A8B95}.Debug|x86.ActiveCfg = Debug|Win32
		{4FC76903-9957-41D4-A669-FE03083A8B95}.Debug|x86.Build.0 = Debug|Win32
		{4FC76903-9957-41D4-A669-FE03083A8B95}.Release|x64.ActiveCfg = Release|x64
		{4FC76903-9957-41D4-A669-FE03083A8B95}.Release|x64.Build.0 = Release|x64
		{4FC76903-9957-41D4-A669-FE03083A8B95}.Release|x86.ActiveCfg = Release|Win32
		{4FC76903-9957-41D4-A669-FE03083A8B95}.Release|x86.Build.0 = Release|Win32
	EndGlobalSection
	GlobalSection(SolutionProperties) = preSolution
		HideSolutionNode = FALSE
	EndGlobalSection
	GlobalSection(ExtensibilityGlobals) = postSolution
		SolutionGuid = {9F671B17-08BD-4C5C-9E92-DA74947B1DB6}
	EndGlobalSection
EndGlobal
