<?xml version="1.0" encoding="utf-8"?>
<Project ToolsVersion="4.0" xmlns="http://schemas.microsoft.com/developer/msbuild/2003">
  <ItemGroup>
    <Filter Include="Src">
      <UniqueIdentifier>{4FC737F1-C7A5-4376-A066-2A32D752A2FF}</UniqueIdentifier>
      <Extensions>cpp;c;cc;cxx;c++;cppm;ixx;def;odl;idl;hpj;bat;asm;asmx</Extensions>
    </Filter>
  </ItemGroup>
  <ItemGroup>
    <ClInclude Include="Task.h">
      <Filter>Src</Filter>
    </ClInclude>
    <ClInclude Include="stdafx.h">
      <Filter>Src</Filter>
    </ClInclude>
    <ClInclude Include="Type.h">
      <Filter>Src</Filter>
    </ClInclude>
    <ClInclude Include="Thread.h">
      <Filter>Src</Filter>
    </ClInclude>
    <ClInclude Include="Singleton.h">
      <Filter>Src</Filter>
    </ClInclude>
    <ClInclude Include="Lock.h">
      <Filter>Src</Filter>
    </ClInclude>
    <ClInclude Include="Logger.h">
      <Filter>Src</Filter>
    </ClInclude>
    <ClInclude Include="Util.h">
      <Filter>Src</Filter>
    </ClInclude>
    <ClInclude Include="Clock.h">
      <Filter>Src</Filter>
    </ClInclude>
    <ClInclude Include="Shutdown.h">
      <Filter>Src</Filter>
    </ClInclude>
    <ClInclude Include="GameObject.h">
      <Filter>Src</Filter>
    </ClInclude>
  </ItemGroup>
  <ItemGroup>
    <ClCompile Include="Thread.cpp">
      <Filter>Src</Filter>
    </ClCompile>
    <ClCompile Include="Lock.cpp">
      <Filter>Src</Filter>
    </ClCompile>
    <ClCompile Include="Logger.cpp">
      <Filter>Src</Filter>
    </ClCompile>
    <ClCompile Include="Task.cpp">
      <Filter>Src</Filter>
    </ClCompile>
    <ClCompile Include="Clock.cpp">
      <Filter>Src</Filter>
    </ClCompile>
    <ClCompile Include="Shutdown.cpp">
      <Filter>Src</Filter>
    </ClCompile>
  </ItemGroup>
</Project>